<?xml version="1.0" encoding="UTF-8"?>
<Scheme
   version = "1.3">
   <BuildAction>
      <BuildActionEntries>
         <BuildActionEntry
            buildForRunning = "YES">
            <BuildableReference
               BuildableIdentifier = "primary"
               BlueprintIdentifier = "D61853ABC2EB63EB8501EF35"
               BuildableName = "RouteMeExample.app"
               BlueprintName = "RouteMeExample"
               ReferencedContainer = "container:RouteMeExample.xcodeproj">
            </BuildableReference>
         </BuildActionEntry>
      </BuildActionEntries>
   </BuildAction>
   <LaunchAction
      useCustomWorkingDirectory = "NO"
      buildConfiguration = "Debug">
      <BuildableProductRunnable>
         <BuildableReference
            BuildableIdentifier = "primary"
            BlueprintIdentifier = "D61853ABC2EB63EB8501EF35"
            BuildableName = "RouteMeExample.app"
            BlueprintName = "RouteMeExample"
            ReferencedContainer = "container:RouteMeExample.xcodeproj">
         </BuildableReference>
      </BuildableProductRunnable>
   </LaunchAction>
</Scheme>
